
Microsoft Visual Studio Solution File, Format Version 12.00
# Visual Studio Version 16
VisualStudioVersion = 25.0.1705.0
MinimumVisualStudioVersion = 10.0.40219.1
Project("{FAE04EC0-301F-11D3-BF4B-00C04F79EFBC}") = "Foodies.Android", "Foodies\Foodies.Android\Foodies.Android.csproj", "{AAACB5C1-E784-4207-8384-EDAF4B60D7F9}"
EndProject
Project("{FAE04EC0-301F-11D3-BF4B-00C04F79EFBC}") = "Foodies.iOS", "Foodies\Foodies.iOS\Foodies.iOS.csproj", "{1AEF1ED9-DC74-4E53-A4D4-81DA5D606F89}"
EndProject
Project("{FAE04EC0-301F-11D3-BF4B-00C04F79EFBC}") = "Foodies", "Foodies\Foodies\Foodies.csproj", "{C414795A-6A1C-46D0-995B-86EDB7DCFC4A}"
EndProject
Global
	GlobalSection(SolutionConfigurationPlatforms) = preSolution
		Debug|Any CPU = Debug|Any CPU
		Release|Any CPU = Release|Any CPU
		Debug|iPhoneSimulator = Debug|iPhoneSimulator
		Release|iPhoneSimulator = Release|iPhoneSimulator
		Debug|iPhone = Debug|iPhone
		Release|iPhone = Release|iPhone
	EndGlobalSection
	GlobalSection(ProjectConfigurationPlatforms) = postSolution
		{AAACB5C1-E784-4207-8384-EDAF4B60D7F9}.Debug|Any CPU.ActiveCfg = Debug|Any CPU
		{AAACB5C1-E784-4207-8384-EDAF4B60D7F9}.Debug|Any CPU.Build.0 = Debug|Any CPU
		{AAACB5C1-E784-4207-8384-EDAF4B60D7F9}.Release|Any CPU.ActiveCfg = Release|Any CPU
		{AAACB5C1-E784-4207-8384-EDAF4B60D7F9}.Release|Any CPU.Build.0 = Release|Any CPU
		{AAACB5C1-E784-4207-8384-EDAF4B60D7F9}.Debug|iPhoneSimulator.ActiveCfg = Debug|Any CPU
		{AAACB5C1-E784-4207-8384-EDAF4B60D7F9}.Debug|iPhoneSimulator.Build.0 = Debug|Any CPU
		{AAACB5C1-E784-4207-8384-EDAF4B60D7F9}.Release|iPhoneSimulator.ActiveCfg = Release|Any CPU
		{AAACB5C1-E784-4207-8384-EDAF4B60D7F9}.Release|iPhoneSimulator.Build.0 = Release|Any CPU
		{AAACB5C1-E784-4207-8384-EDAF4B60D7F9}.Debug|iPhone.ActiveCfg = Debug|Any CPU
		{AAACB5C1-E784-4207-8384-EDAF4B60D7F9}.Debug|iPhone.Build.0 = Debug|Any CPU
		{AAACB5C1-E784-4207-8384-EDAF4B60D7F9}.Release|iPhone.ActiveCfg = Release|Any CPU
		{AAACB5C1-E784-4207-8384-EDAF4B60D7F9}.Release|iPhone.Build.0 = Release|Any CPU
		{1AEF1ED9-DC74-4E53-A4D4-81DA5D606F89}.Debug|Any CPU.ActiveCfg = Debug|iPhoneSimulator
		{1AEF1ED9-DC74-4E53-A4D4-81DA5D606F89}.Debug|Any CPU.Build.0 = Debug|iPhoneSimulator
		{1AEF1ED9-DC74-4E53-A4D4-81DA5D606F89}.Release|Any CPU.ActiveCfg = Release|iPhoneSimulator
		{1AEF1ED9-DC74-4E53-A4D4-81DA5D606F89}.Release|Any CPU.Build.0 = Release|iPhoneSimulator
		{1AEF1ED9-DC74-4E53-A4D4-81DA5D606F89}.Debug|iPhoneSimulator.ActiveCfg = Debug|iPhoneSimulator
		{1AEF1ED9-DC74-4E53-A4D4-81DA5D606F89}.Debug|iPhoneSimulator.Build.0 = Debug|iPhoneSimulator
		{1AEF1ED9-DC74-4E53-A4D4-81DA5D606F89}.Release|iPhoneSimulator.ActiveCfg = Release|iPhoneSimulator
		{1AEF1ED9-DC74-4E53-A4D4-81DA5D606F89}.Release|iPhoneSimulator.Build.0 = Release|iPhoneSimulator
		{1AEF1ED9-DC74-4E53-A4D4-81DA5D606F89}.Debug|iPhone.ActiveCfg = Debug|iPhone
		{1AEF1ED9-DC74-4E53-A4D4-81DA5D606F89}.Debug|iPhone.Build.0 = Debug|iPhone
		{1AEF1ED9-DC74-4E53-A4D4-81DA5D606F89}.Release|iPhone.ActiveCfg = Release|iPhone
		{1AEF1ED9-DC74-4E53-A4D4-81DA5D606F89}.Release|iPhone.Build.0 = Release|iPhone
		{C414795A-6A1C-46D0-995B-86EDB7DCFC4A}.Debug|Any CPU.ActiveCfg = Debug|Any CPU
		{C414795A-6A1C-46D0-995B-86EDB7DCFC4A}.Debug|Any CPU.Build.0 = Debug|Any CPU
		{C414795A-6A1C-46D0-995B-86EDB7DCFC4A}.Release|Any CPU.ActiveCfg = Release|Any CPU
		{C414795A-6A1C-46D0-995B-86EDB7DCFC4A}.Release|Any CPU.Build.0 = Release|Any CPU
		{C414795A-6A1C-46D0-995B-86EDB7DCFC4A}.Debug|iPhoneSimulator.ActiveCfg = Debug|Any CPU
		{C414795A-6A1C-46D0-995B-86EDB7DCFC4A}.Debug|iPhoneSimulator.Build.0 = Debug|Any CPU
		{C414795A-6A1C-46D0-995B-86EDB7DCFC4A}.Release|iPhoneSimulator.ActiveCfg = Release|Any CPU
		{C414795A-6A1C-46D0-995B-86EDB7DCFC4A}.Release|iPhoneSimulator.Build.0 = Release|Any CPU
		{C414795A-6A1C-46D0-995B-86EDB7DCFC4A}.Debug|iPhone.ActiveCfg = Debug|Any CPU
		{C414795A-6A1C-46D0-995B-86EDB7DCFC4A}.Debug|iPhone.Build.0 = Debug|Any CPU
		{C414795A-6A1C-46D0-995B-86EDB7DCFC4A}.Release|iPhone.ActiveCfg = Release|Any CPU
		{C414795A-6A1C-46D0-995B-86EDB7DCFC4A}.Release|iPhone.Build.0 = Release|Any CPU
	EndGlobalSection
	GlobalSection(SolutionProperties) = preSolution
		HideSolutionNode = FALSE
	EndGlobalSection
	GlobalSection(ExtensibilityGlobals) = postSolution
		SolutionGuid = {F4EFB0CE-5437-4B7C-81DC-3C967DCCBD68}
	EndGlobalSection
EndGlobal
